<?xml version="1.0" encoding="utf-8"?>
<Project ToolsVersion="4.0" xmlns="http://schemas.microsoft.com/developer/msbuild/2003">
  <ItemGroup>
    <Filter Include="Source Files">
      <UniqueIdentifier>{302aab27-098d-4f48-ba61-c949b53bfa40}</UniqueIdentifier>
      <Extensions>cpp;c;cxx;rc;def;r;odl;idl;hpj;bat</Extensions>
    </Filter>
    <Filter Include="Header Files">
      <UniqueIdentifier>{4fee9771-bcf9-49f1-afa5-0cd0bf64d100}</UniqueIdentifier>
      <Extensions>h;hpp;hxx;hm;inl</Extensions>
    </Filter>
    <Filter Include="Resource Files">
      <UniqueIdentifier>{2e07a992-a2e1-486e-b8e8-196f729a7e24}</UniqueIdentifier>
      <Extensions>ico;cur;bmp;dlg;rc2;rct;bin;rgs;gif;jpg;jpeg;jpe</Extensions>
    </Filter>
  </ItemGroup>
  <ItemGroup>
    <ClInclude Include="..\raytracerLinux\util.h">
      <Filter>Header Files</Filter>
    </ClInclude>
    <ClInclude Include="..\raytracerLinux\bmp_io.h">
      <Filter>Header Files</Filter>
    </ClInclude>
    <ClInclude Include="..\raytracerLinux\light_source.h">
      <Filter>Header Files</Filter>
    </ClInclude>
    <ClInclude Include="..\raytracerLinux\raytracer.h">
      <Filter>Header Files</Filter>
    </ClInclude>
    <ClInclude Include="..\raytracerLinux\scene_object.h">
      <Filter>Header Files</Filter>
    </ClInclude>
  </ItemGroup>
  <ItemGroup>
    <ClCompile Include="..\raytracerLinux\util.cpp">
      <Filter>Source Files</Filter>
    </ClCompile>
    <ClCompile Include="..\raytracerLinux\bmp_io.cpp">
      <Filter>Source Files</Filter>
    </ClCompile>
    <ClCompile Include="..\raytracerLinux\light_source.cpp">
      <Filter>Source Files</Filter>
    </ClCompile>
    <ClCompile Include="..\raytracerLinux\raytracer.cpp">
      <Filter>Source Files</Filter>
    </ClCompile>
    <ClCompile Include="..\raytracerLinux\scene_object.cpp">
      <Filter>Source Files</Filter>
    </ClCompile>
  </ItemGroup>
</Project>